
Microsoft Visual Studio Solution File, Format Version 12.00
# Visual Studio Version 17
VisualStudioVersion = 17.11.35327.3
MinimumVisualStudioVersion = 10.0.40219.1
Project("{FAE04EC0-301F-11D3-BF4B-00C04F79EFBC}") = "btvn_4", "btvn_4\btvn_4.csproj", "{978D77BA-0548-4723-9E2C-A296659A2B12}"
EndProject
Global
	GlobalSection(SolutionConfigurationPlatforms) = preSolution
		Debug|Any CPU = Debug|Any CPU
		Release|Any CPU = Release|Any CPU
	EndGlobalSection
	GlobalSection(ProjectConfigurationPlatforms) = postSolution
		{978D77BA-0548-4723-9E2C-A296659A2B12}.Debug|Any CPU.ActiveCfg = Debug|Any CPU
		{978D77BA-0548-4723-9E2C-A296659A2B12}.Debug|Any CPU.Build.0 = Debug|Any CPU
		{978D77BA-0548-4723-9E2C-A296659A2B12}.Release|Any CPU.ActiveCfg = Release|Any CPU
		{978D77BA-0548-4723-9E2C-A296659A2B12}.Release|Any CPU.Build.0 = Release|Any CPU
	EndGlobalSection
	GlobalSection(SolutionProperties) = preSolution
		HideSolutionNode = FALSE
	EndGlobalSection
	GlobalSection(ExtensibilityGlobals) = postSolution
		SolutionGuid = {258791A3-ED14-46BD-B760-190EDCB71E5C}
	EndGlobalSection
EndGlobal
